
Microsoft Visual Studio Solution File, Format Version 12.00
# Visual Studio Version 17
VisualStudioVersion = 17.5.33516.290
MinimumVisualStudioVersion = 10.0.40219.1
Project("{FAE04EC0-301F-11D3-BF4B-00C04F79EFBC}") = "3", "3\3.csproj", "{8BFA8DB8-2A22-4A24-A2E4-0E8CEF0559FD}"
EndProject
Project("{FAE04EC0-301F-11D3-BF4B-00C04F79EFBC}") = "2", "2\2.csproj", "{644EECBD-D498-40C9-B814-3A0BDFE9004F}"
EndProject
Project("{FAE04EC0-301F-11D3-BF4B-00C04F79EFBC}") = "1", "1\1.csproj", "{2405DFA1-1D9F-473B-B0DD-E49750B739B4}"
EndProject
Global
	GlobalSection(SolutionConfigurationPlatforms) = preSolution
		Debug|Any CPU = Debug|Any CPU
		Release|Any CPU = Release|Any CPU
	EndGlobalSection
	GlobalSection(ProjectConfigurationPlatforms) = postSolution
		{8BFA8DB8-2A22-4A24-A2E4-0E8CEF0559FD}.Debug|Any CPU.ActiveCfg = Debug|Any CPU
		{8BFA8DB8-2A22-4A24-A2E4-0E8CEF0559FD}.Debug|Any CPU.Build.0 = Debug|Any CPU
		{8BFA8DB8-2A22-4A24-A2E4-0E8CEF0559FD}.Release|Any CPU.ActiveCfg = Release|Any CPU
		{8BFA8DB8-2A22-4A24-A2E4-0E8CEF0559FD}.Release|Any CPU.Build.0 = Release|Any CPU
		{644EECBD-D498-40C9-B814-3A0BDFE9004F}.Debug|Any CPU.ActiveCfg = Debug|Any CPU
		{644EECBD-D498-40C9-B814-3A0BDFE9004F}.Debug|Any CPU.Build.0 = Debug|Any CPU
		{644EECBD-D498-40C9-B814-3A0BDFE9004F}.Release|Any CPU.ActiveCfg = Release|Any CPU
		{644EECBD-D498-40C9-B814-3A0BDFE9004F}.Release|Any CPU.Build.0 = Release|Any CPU
		{2405DFA1-1D9F-473B-B0DD-E49750B739B4}.Debug|Any CPU.ActiveCfg = Debug|Any CPU
		{2405DFA1-1D9F-473B-B0DD-E49750B739B4}.Debug|Any CPU.Build.0 = Debug|Any CPU
		{2405DFA1-1D9F-473B-B0DD-E49750B739B4}.Release|Any CPU.ActiveCfg = Release|Any CPU
		{2405DFA1-1D9F-473B-B0DD-E49750B739B4}.Release|Any CPU.Build.0 = Release|Any CPU
	EndGlobalSection
	GlobalSection(SolutionProperties) = preSolution
		HideSolutionNode = FALSE
	EndGlobalSection
	GlobalSection(ExtensibilityGlobals) = postSolution
		SolutionGuid = {63B5A1DF-F9DA-4608-BF32-594144576B42}
	EndGlobalSection
EndGlobal
