
Microsoft Visual Studio Solution File, Format Version 12.00
# Visual Studio Version 17
VisualStudioVersion = 17.5.33516.290
MinimumVisualStudioVersion = 10.0.40219.1
Project("{FAE04EC0-301F-11D3-BF4B-00C04F79EFBC}") = "1", "1\1.csproj", "{E2E8135A-78DE-43FE-9DCF-80B4575A63BD}"
EndProject
Project("{FAE04EC0-301F-11D3-BF4B-00C04F79EFBC}") = "2", "2\2.csproj", "{3A4983ED-7303-4B77-A9D7-0CE905B869EE}"
EndProject
Project("{FAE04EC0-301F-11D3-BF4B-00C04F79EFBC}") = "3", "3\3.csproj", "{6DB89137-2332-4415-BFD2-AE4ADEE1207B}"
EndProject
Global
	GlobalSection(SolutionConfigurationPlatforms) = preSolution
		Debug|Any CPU = Debug|Any CPU
		Release|Any CPU = Release|Any CPU
	EndGlobalSection
	GlobalSection(ProjectConfigurationPlatforms) = postSolution
		{E2E8135A-78DE-43FE-9DCF-80B4575A63BD}.Debug|Any CPU.ActiveCfg = Debug|Any CPU
		{E2E8135A-78DE-43FE-9DCF-80B4575A63BD}.Debug|Any CPU.Build.0 = Debug|Any CPU
		{E2E8135A-78DE-43FE-9DCF-80B4575A63BD}.Release|Any CPU.ActiveCfg = Release|Any CPU
		{E2E8135A-78DE-43FE-9DCF-80B4575A63BD}.Release|Any CPU.Build.0 = Release|Any CPU
		{3A4983ED-7303-4B77-A9D7-0CE905B869EE}.Debug|Any CPU.ActiveCfg = Debug|Any CPU
		{3A4983ED-7303-4B77-A9D7-0CE905B869EE}.Debug|Any CPU.Build.0 = Debug|Any CPU
		{3A4983ED-7303-4B77-A9D7-0CE905B869EE}.Release|Any CPU.ActiveCfg = Release|Any CPU
		{3A4983ED-7303-4B77-A9D7-0CE905B869EE}.Release|Any CPU.Build.0 = Release|Any CPU
		{6DB89137-2332-4415-BFD2-AE4ADEE1207B}.Debug|Any CPU.ActiveCfg = Debug|Any CPU
		{6DB89137-2332-4415-BFD2-AE4ADEE1207B}.Debug|Any CPU.Build.0 = Debug|Any CPU
		{6DB89137-2332-4415-BFD2-AE4ADEE1207B}.Release|Any CPU.ActiveCfg = Release|Any CPU
		{6DB89137-2332-4415-BFD2-AE4ADEE1207B}.Release|Any CPU.Build.0 = Release|Any CPU
	EndGlobalSection
	GlobalSection(SolutionProperties) = preSolution
		HideSolutionNode = FALSE
	EndGlobalSection
	GlobalSection(ExtensibilityGlobals) = postSolution
		SolutionGuid = {311FE462-8B7B-4EBA-8541-5CE7272827CA}
	EndGlobalSection
EndGlobal
