
Microsoft Visual Studio Solution File, Format Version 12.00
# Visual Studio Version 17
VisualStudioVersion = 17.5.33516.290
MinimumVisualStudioVersion = 10.0.40219.1
Project("{FAE04EC0-301F-11D3-BF4B-00C04F79EFBC}") = "1", "1\1.csproj", "{15E53CF9-9D3F-497E-AB00-6E3A7AEE32CA}"
EndProject
Project("{FAE04EC0-301F-11D3-BF4B-00C04F79EFBC}") = "2", "2\2.csproj", "{6373EAE5-5C38-4FC6-875F-C2C08DA2F485}"
EndProject
Project("{FAE04EC0-301F-11D3-BF4B-00C04F79EFBC}") = "3", "3\3.csproj", "{9DD2F825-73D4-4FAF-B2DE-99EC02712959}"
EndProject
Global
	GlobalSection(SolutionConfigurationPlatforms) = preSolution
		Debug|Any CPU = Debug|Any CPU
		Release|Any CPU = Release|Any CPU
	EndGlobalSection
	GlobalSection(ProjectConfigurationPlatforms) = postSolution
		{15E53CF9-9D3F-497E-AB00-6E3A7AEE32CA}.Debug|Any CPU.ActiveCfg = Debug|Any CPU
		{15E53CF9-9D3F-497E-AB00-6E3A7AEE32CA}.Debug|Any CPU.Build.0 = Debug|Any CPU
		{15E53CF9-9D3F-497E-AB00-6E3A7AEE32CA}.Release|Any CPU.ActiveCfg = Release|Any CPU
		{15E53CF9-9D3F-497E-AB00-6E3A7AEE32CA}.Release|Any CPU.Build.0 = Release|Any CPU
		{6373EAE5-5C38-4FC6-875F-C2C08DA2F485}.Debug|Any CPU.ActiveCfg = Debug|Any CPU
		{6373EAE5-5C38-4FC6-875F-C2C08DA2F485}.Debug|Any CPU.Build.0 = Debug|Any CPU
		{6373EAE5-5C38-4FC6-875F-C2C08DA2F485}.Release|Any CPU.ActiveCfg = Release|Any CPU
		{6373EAE5-5C38-4FC6-875F-C2C08DA2F485}.Release|Any CPU.Build.0 = Release|Any CPU
		{9DD2F825-73D4-4FAF-B2DE-99EC02712959}.Debug|Any CPU.ActiveCfg = Debug|Any CPU
		{9DD2F825-73D4-4FAF-B2DE-99EC02712959}.Debug|Any CPU.Build.0 = Debug|Any CPU
		{9DD2F825-73D4-4FAF-B2DE-99EC02712959}.Release|Any CPU.ActiveCfg = Release|Any CPU
		{9DD2F825-73D4-4FAF-B2DE-99EC02712959}.Release|Any CPU.Build.0 = Release|Any CPU
	EndGlobalSection
	GlobalSection(SolutionProperties) = preSolution
		HideSolutionNode = FALSE
	EndGlobalSection
	GlobalSection(ExtensibilityGlobals) = postSolution
		SolutionGuid = {FE430F8D-F304-4EE2-9E75-A37F44DAD30D}
	EndGlobalSection
EndGlobal
